
Microsoft Visual Studio Solution File, Format Version 12.00
# Visual Studio Version 17
VisualStudioVersion = 17.7.34221.43
MinimumVisualStudioVersion = 10.0.40219.1
Project("{FAE04EC0-301F-11D3-BF4B-00C04F79EFBC}") = "ConsoleApp1", "ConsoleApp1\ConsoleApp1.csproj", "{BB1DE74E-43EC-42B1-9213-C267BCA26969}"
EndProject
Global
	GlobalSection(SolutionConfigurationPlatforms) = preSolution
		Debug|Any CPU = Debug|Any CPU
		Release|Any CPU = Release|Any CPU
	EndGlobalSection
	GlobalSection(ProjectConfigurationPlatforms) = postSolution
		{BB1DE74E-43EC-42B1-9213-C267BCA26969}.Debug|Any CPU.ActiveCfg = Debug|Any CPU
		{BB1DE74E-43EC-42B1-9213-C267BCA26969}.Debug|Any CPU.Build.0 = Debug|Any CPU
		{BB1DE74E-43EC-42B1-9213-C267BCA26969}.Release|Any CPU.ActiveCfg = Release|Any CPU
		{BB1DE74E-43EC-42B1-9213-C267BCA26969}.Release|Any CPU.Build.0 = Release|Any CPU
	EndGlobalSection
	GlobalSection(SolutionProperties) = preSolution
		HideSolutionNode = FALSE
	EndGlobalSection
	GlobalSection(ExtensibilityGlobals) = postSolution
		SolutionGuid = {44814A98-6789-4965-AF55-0C963B644954}
	EndGlobalSection
EndGlobal
